
Microsoft Visual Studio Solution File, Format Version 10.00
# Visual Studio 2008
Project("{FAE04EC0-301F-11D3-BF4B-00C04F79EFBC}") = "KeyMapper", "KeyMapper.csproj", "{E0C87C26-3239-4F49-964E-91341A5F6BA0}"
EndProject
Project("{54435603-DBB4-11D2-8724-00A0C9A8B90C}") = "Deployment", "Deployment\Deployment.vdproj", "{84ABD6A1-D1F8-464C-8FD1-2F25C4A86626}"
EndProject
Project("{2150E333-8FDC-42A3-9474-1A3956D46DE8}") = "Solution Items", "Solution Items", "{6957AA0B-1717-4205-973F-A27035338634}"
	ProjectSection(SolutionItems) = preProject
		KeyMapper.vsmdi = KeyMapper.vsmdi
		LocalTestRun.testrunconfig = LocalTestRun.testrunconfig
	EndProjectSection
EndProject
Global
	GlobalSection(TestCaseManagementSettings) = postSolution
		CategoryFile = KeyMapper.vsmdi
	EndGlobalSection
	GlobalSection(SolutionConfigurationPlatforms) = preSolution
		Debug|Any CPU = Debug|Any CPU
		Release.x64|Any CPU = Release.x64|Any CPU
		Release|Any CPU = Release|Any CPU
	EndGlobalSection
	GlobalSection(ProjectConfigurationPlatforms) = postSolution
		{E0C87C26-3239-4F49-964E-91341A5F6BA0}.Debug|Any CPU.ActiveCfg = Debug|Any CPU
		{E0C87C26-3239-4F49-964E-91341A5F6BA0}.Debug|Any CPU.Build.0 = Debug|Any CPU
		{E0C87C26-3239-4F49-964E-91341A5F6BA0}.Release.x64|Any CPU.ActiveCfg = Release.x64|x64
		{E0C87C26-3239-4F49-964E-91341A5F6BA0}.Release.x64|Any CPU.Build.0 = Release.x64|x64
		{E0C87C26-3239-4F49-964E-91341A5F6BA0}.Release|Any CPU.ActiveCfg = Release|Any CPU
		{E0C87C26-3239-4F49-964E-91341A5F6BA0}.Release|Any CPU.Build.0 = Release|Any CPU
		{84ABD6A1-D1F8-464C-8FD1-2F25C4A86626}.Debug|Any CPU.ActiveCfg = Debug
		{84ABD6A1-D1F8-464C-8FD1-2F25C4A86626}.Release.x64|Any CPU.ActiveCfg = Release.x64
		{84ABD6A1-D1F8-464C-8FD1-2F25C4A86626}.Release.x64|Any CPU.Build.0 = Release.x64
		{84ABD6A1-D1F8-464C-8FD1-2F25C4A86626}.Release|Any CPU.ActiveCfg = Release
		{84ABD6A1-D1F8-464C-8FD1-2F25C4A86626}.Release|Any CPU.Build.0 = Release
	EndGlobalSection
	GlobalSection(SolutionProperties) = preSolution
		HideSolutionNode = FALSE
	EndGlobalSection
EndGlobal
